
Microsoft Visual Studio Solution File, Format Version 12.00
# Visual Studio Version 17
VisualStudioVersion = 17.0.31903.59
MinimumVisualStudioVersion = 10.0.40219.1
Project("{FAE04EC0-301F-11D3-BF4B-00C04F79EFBC}") = "API", "API\API.csproj", "{7732C63E-CBFC-4FEB-A036-61EDBF5C1680}"
EndProject
Project("{FAE04EC0-301F-11D3-BF4B-00C04F79EFBC}") = "Core", "core\Core.csproj", "{417EEB2A-6770-4186-BC98-ACD2FB649EDB}"
EndProject
Global
	GlobalSection(SolutionConfigurationPlatforms) = preSolution
		Debug|Any CPU = Debug|Any CPU
		Release|Any CPU = Release|Any CPU
	EndGlobalSection
	GlobalSection(SolutionProperties) = preSolution
		HideSolutionNode = FALSE
	EndGlobalSection
	GlobalSection(ProjectConfigurationPlatforms) = postSolution
		{7732C63E-CBFC-4FEB-A036-61EDBF5C1680}.Debug|Any CPU.ActiveCfg = Debug|Any CPU
		{7732C63E-CBFC-4FEB-A036-61EDBF5C1680}.Debug|Any CPU.Build.0 = Debug|Any CPU
		{7732C63E-CBFC-4FEB-A036-61EDBF5C1680}.Release|Any CPU.ActiveCfg = Release|Any CPU
		{7732C63E-CBFC-4FEB-A036-61EDBF5C1680}.Release|Any CPU.Build.0 = Release|Any CPU
		{417EEB2A-6770-4186-BC98-ACD2FB649EDB}.Debug|Any CPU.ActiveCfg = Debug|Any CPU
		{417EEB2A-6770-4186-BC98-ACD2FB649EDB}.Debug|Any CPU.Build.0 = Debug|Any CPU
		{417EEB2A-6770-4186-BC98-ACD2FB649EDB}.Release|Any CPU.ActiveCfg = Release|Any CPU
		{417EEB2A-6770-4186-BC98-ACD2FB649EDB}.Release|Any CPU.Build.0 = Release|Any CPU
	EndGlobalSection
EndGlobal
